
Microsoft Visual Studio Solution File, Format Version 12.00
# Visual Studio Version 16
VisualStudioVersion = 16.0.31205.134
MinimumVisualStudioVersion = 10.0.40219.1
Project("{FAE04EC0-301F-11D3-BF4B-00C04F79EFBC}") = "XP.Mvvm", "XP.Mvvm\XP.Mvvm.csproj", "{EAD1AF13-AA17-4059-A14B-B043B5336B49}"
EndProject
Global
	GlobalSection(SolutionConfigurationPlatforms) = preSolution
		Debug|Any CPU = Debug|Any CPU
		Release|Any CPU = Release|Any CPU
	EndGlobalSection
	GlobalSection(ProjectConfigurationPlatforms) = postSolution
		{EAD1AF13-AA17-4059-A14B-B043B5336B49}.Debug|Any CPU.ActiveCfg = Debug|Any CPU
		{EAD1AF13-AA17-4059-A14B-B043B5336B49}.Debug|Any CPU.Build.0 = Debug|Any CPU
		{EAD1AF13-AA17-4059-A14B-B043B5336B49}.Release|Any CPU.ActiveCfg = Release|Any CPU
		{EAD1AF13-AA17-4059-A14B-B043B5336B49}.Release|Any CPU.Build.0 = Release|Any CPU
	EndGlobalSection
	GlobalSection(SolutionProperties) = preSolution
		HideSolutionNode = FALSE
	EndGlobalSection
	GlobalSection(ExtensibilityGlobals) = postSolution
		SolutionGuid = {CEBAB61A-BFC5-4518-AA80-171C5F7B9172}
	EndGlobalSection
EndGlobal
